// !$*UTF8*$!
{
	archiveVersion = 1;
	classes = {
	};
	objectVersion = 46;
	objects = {

/* Begin PBXBuildFile section */
		1DAECACB1E8DD2CF00183CCB /* AppDelegate.swift in Sources */ = {isa = PBXBuildFile; fileRef = 1DAECACA1E8DD2CF00183CCB /* AppDelegate.swift */; };
		1DAECACD1E8DD2CF00183CCB /* ViewController.swift in Sources */ = {isa = PBXBuildFile; fileRef = 1DAECACC1E8DD2CF00183CCB /* ViewController.swift */; };
		1DAECAD01E8DD2CF00183CCB /* Main.storyboard in Resources */ = {isa = PBXBuildFile; fileRef = 1DAECACE1E8DD2CF00183CCB /* Main.storyboard */; };
		1DAECAD21E8DD2CF00183CCB /* Assets.xcassets in Resources */ = {isa = PBXBuildFile; fileRef = 1DAECAD11E8DD2CF00183CCB /* Assets.xcassets */; };
		1DAECAD51E8DD2CF00183CCB /* LaunchScreen.storyboard in Resources */ = {isa = PBXBuildFile; fileRef = 1DAECAD31E8DD2CF00183CCB /* LaunchScreen.storyboard */; };
		1DAECAE31E8DD32E00183CCB /* IntentHandler.swift in Sources */ = {isa = PBXBuildFile; fileRef = 1DAECAE21E8DD32E00183CCB /* IntentHandler.swift */; };
		1DAECAE71E8DD32E00183CCB /* Extension.appex in Embed App Extensions */ = {isa = PBXBuildFile; fileRef = 1DAECAE01E8DD32E00183CCB /* Extension.appex */; settings = {ATTRIBUTES = (RemoveHeadersOnCopy, ); }; };
		1DAECAEF1E8DE5C100183CCB /* car.png in Resources */ = {isa = PBXBuildFile; fileRef = 1DAECAEC1E8DE5C100183CCB /* car.png */; };
		1DAECAF01E8DE5C100183CCB /* car@2x.png in Resources */ = {isa = PBXBuildFile; fileRef = 1DAECAED1E8DE5C100183CCB /* car@2x.png */; };
		1DAECAF11E8DE5C100183CCB /* car@3x.png in Resources */ = {isa = PBXBuildFile; fileRef = 1DAECAEE1E8DE5C100183CCB /* car@3x.png */; };
/* End PBXBuildFile section */

/* Begin PBXContainerItemProxy section */
		1DAECAE51E8DD32E00183CCB /* PBXContainerItemProxy */ = {
			isa = PBXContainerItemProxy;
			containerPortal = 1DAECABF1E8DD2CF00183CCB /* Project object */;
			proxyType = 1;
			remoteGlobalIDString = 1DAECADF1E8DD32E00183CCB;
			remoteInfo = Extension;
		};
/* End PBXContainerItemProxy section */

/* Begin PBXCopyFilesBuildPhase section */
		1DAECAEB1E8DD32E00183CCB /* Embed App Extensions */ = {
			isa = PBXCopyFilesBuildPhase;
			buildActionMask = 2147483647;
			dstPath = "";
			dstSubfolderSpec = 13;
			files = (
				1DAECAE71E8DD32E00183CCB /* Extension.appex in Embed App Extensions */,
			);
			name = "Embed App Extensions";
			runOnlyForDeploymentPostprocessing = 0;
		};
/* End PBXCopyFilesBuildPhase section */

/* Begin PBXFileReference section */
		1DAECAC71E8DD2CF00183CCB /* RideShare.app */ = {isa = PBXFileReference; explicitFileType = wrapper.application; includeInIndex = 0; path = RideShare.app; sourceTree = BUILT_PRODUCTS_DIR; };
		1DAECACA1E8DD2CF00183CCB /* AppDelegate.swift */ = {isa = PBXFileReference; lastKnownFileType = sourcecode.swift; path = AppDelegate.swift; sourceTree = "<group>"; };
		1DAECACC1E8DD2CF00183CCB /* ViewController.swift */ = {isa = PBXFileReference; lastKnownFileType = sourcecode.swift; path = ViewController.swift; sourceTree = "<group>"; };
		1DAECACF1E8DD2CF00183CCB /* Base */ = {isa = PBXFileReference; lastKnownFileType = file.storyboard; name = Base; path = Base.lproj/Main.storyboard; sourceTree = "<group>"; };
		1DAECAD11E8DD2CF00183CCB /* Assets.xcassets */ = {isa = PBXFileReference; lastKnownFileType = folder.assetcatalog; path = Assets.xcassets; sourceTree = "<group>"; };
		1DAECAD41E8DD2CF00183CCB /* Base */ = {isa = PBXFileReference; lastKnownFileType = file.storyboard; name = Base; path = Base.lproj/LaunchScreen.storyboard; sourceTree = "<group>"; };
		1DAECAD61E8DD2CF00183CCB /* Info.plist */ = {isa = PBXFileReference; lastKnownFileType = text.plist.xml; path = Info.plist; sourceTree = "<group>"; };
		1DAECAE01E8DD32E00183CCB /* Extension.appex */ = {isa = PBXFileReference; explicitFileType = "wrapper.app-extension"; includeInIndex = 0; path = Extension.appex; sourceTree = BUILT_PRODUCTS_DIR; };
		1DAECAE21E8DD32E00183CCB /* IntentHandler.swift */ = {isa = PBXFileReference; lastKnownFileType = sourcecode.swift; path = IntentHandler.swift; sourceTree = "<group>"; };
		1DAECAE41E8DD32E00183CCB /* Info.plist */ = {isa = PBXFileReference; lastKnownFileType = text.plist.xml; path = Info.plist; sourceTree = "<group>"; };
		1DAECAEC1E8DE5C100183CCB /* car.png */ = {isa = PBXFileReference; lastKnownFileType = image.png; name = car.png; path = ../../../../Downloads/ChooseCruise/Extension/car.png; sourceTree = "<group>"; };
		1DAECAED1E8DE5C100183CCB /* car@2x.png */ = {isa = PBXFileReference; lastKnownFileType = image.png; name = "car@2x.png"; path = "../../../../Downloads/ChooseCruise/Extension/car@2x.png"; sourceTree = "<group>"; };
		1DAECAEE1E8DE5C100183CCB /* car@3x.png */ = {isa = PBXFileReference; lastKnownFileType = image.png; name = "car@3x.png"; path = "../../../../Downloads/ChooseCruise/Extension/car@3x.png"; sourceTree = "<group>"; };
/* End PBXFileReference section */

/* Begin PBXFrameworksBuildPhase section */
		1DAECAC41E8DD2CF00183CCB /* Frameworks */ = {
			isa = PBXFrameworksBuildPhase;
			buildActionMask = 2147483647;
			files = (
			);
			runOnlyForDeploymentPostprocessing = 0;
		};
		1DAECADD1E8DD32E00183CCB /* Frameworks */ = {
			isa = PBXFrameworksBuildPhase;
			buildActionMask = 2147483647;
			files = (
			);
			runOnlyForDeploymentPostprocessing = 0;
		};
/* End PBXFrameworksBuildPhase section */

/* Begin PBXGroup section */
		1DAECABE1E8DD2CF00183CCB = {
			isa = PBXGroup;
			children = (
				1DAECAC91E8DD2CF00183CCB /* RideShare */,
				1DAECAE11E8DD32E00183CCB /* Extension */,
				1DAECAC81E8DD2CF00183CCB /* Products */,
			);
			sourceTree = "<group>";
		};
		1DAECAC81E8DD2CF00183CCB /* Products */ = {
			isa = PBXGroup;
			children = (
				1DAECAC71E8DD2CF00183CCB /* RideShare.app */,
				1DAECAE01E8DD32E00183CCB /* Extension.appex */,
			);
			name = Products;
			sourceTree = "<group>";
		};
		1DAECAC91E8DD2CF00183CCB /* RideShare */ = {
			isa = PBXGroup;
			children = (
				1DAECACA1E8DD2CF00183CCB /* AppDelegate.swift */,
				1DAECACC1E8DD2CF00183CCB /* ViewController.swift */,
				1DAECACE1E8DD2CF00183CCB /* Main.storyboard */,
				1DAECAD11E8DD2CF00183CCB /* Assets.xcassets */,
				1DAECAD31E8DD2CF00183CCB /* LaunchScreen.storyboard */,
				1DAECAD61E8DD2CF00183CCB /* Info.plist */,
			);
			path = RideShare;
			sourceTree = "<group>";
		};
		1DAECAE11E8DD32E00183CCB /* Extension */ = {
			isa = PBXGroup;
			children = (
				1DAECAE21E8DD32E00183CCB /* IntentHandler.swift */,
				1DAECAEC1E8DE5C100183CCB /* car.png */,
				1DAECAED1E8DE5C100183CCB /* car@2x.png */,
				1DAECAEE1E8DE5C100183CCB /* car@3x.png */,
				1DAECAE41E8DD32E00183CCB /* Info.plist */,
			);
			path = Extension;
			sourceTree = "<group>";
		};
/* End PBXGroup section */

/* Begin PBXNativeTarget section */
		1DAECAC61E8DD2CF00183CCB /* RideShare */ = {
			isa = PBXNativeTarget;
			buildConfigurationList = 1DAECAD91E8DD2CF00183CCB /* Build configuration list for PBXNativeTarget "RideShare" */;
			buildPhases = (
				1DAECAC31E8DD2CF00183CCB /* Sources */,
				1DAECAC41E8DD2CF00183CCB /* Frameworks */,
				1DAECAC51E8DD2CF00183CCB /* Resources */,
				1DAECAEB1E8DD32E00183CCB /* Embed App Extensions */,
			);
			buildRules = (
			);
			dependencies = (
				1DAECAE61E8DD32E00183CCB /* PBXTargetDependency */,
			);
			name = RideShare;
			productName = RideShare;
			productReference = 1DAECAC71E8DD2CF00183CCB /* RideShare.app */;
			productType = "com.apple.product-type.application";
		};
		1DAECADF1E8DD32E00183CCB /* Extension */ = {
			isa = PBXNativeTarget;
			buildConfigurationList = 1DAECAE81E8DD32E00183CCB /* Build configuration list for PBXNativeTarget "Extension" */;
			buildPhases = (
				1DAECADC1E8DD32E00183CCB /* Sources */,
				1DAECADD1E8DD32E00183CCB /* Frameworks */,
				1DAECADE1E8DD32E00183CCB /* Resources */,
			);
			buildRules = (
			);
			dependencies = (
			);
			name = Extension;
			productName = Extension;
			productReference = 1DAECAE01E8DD32E00183CCB /* Extension.appex */;
			productType = "com.apple.product-type.app-extension";
		};
/* End PBXNativeTarget section */

/* Begin PBXProject section */
		1DAECABF1E8DD2CF00183CCB /* Project object */ = {
			isa = PBXProject;
			attributes = {
				LastSwiftUpdateCheck = 0830;
				LastUpgradeCheck = 0830;
				ORGANIZATIONNAME = "Parankush Bhardwaj";
				TargetAttributes = {
					1DAECAC61E8DD2CF00183CCB = {
						CreatedOnToolsVersion = 8.3;
						ProvisioningStyle = Automatic;
					};
					1DAECADF1E8DD32E00183CCB = {
						CreatedOnToolsVersion = 8.3;
						DevelopmentTeam = K7PJHE383W;
						ProvisioningStyle = Automatic;
					};
				};
			};
			buildConfigurationList = 1DAECAC21E8DD2CF00183CCB /* Build configuration list for PBXProject "RideShare" */;
			compatibilityVersion = "Xcode 3.2";
			developmentRegion = English;
			hasScannedForEncodings = 0;
			knownRegions = (
				en,
				Base,
			);
			mainGroup = 1DAECABE1E8DD2CF00183CCB;
			productRefGroup = 1DAECAC81E8DD2CF00183CCB /* Products */;
			projectDirPath = "";
			projectRoot = "";
			targets = (
				1DAECAC61E8DD2CF00183CCB /* RideShare */,
				1DAECADF1E8DD32E00183CCB /* Extension */,
			);
		};
/* End PBXProject section */

/* Begin PBXResourcesBuildPhase section */
		1DAECAC51E8DD2CF00183CCB /* Resources */ = {
			isa = PBXResourcesBuildPhase;
			buildActionMask = 2147483647;
			files = (
				1DAECAD51E8DD2CF00183CCB /* LaunchScreen.storyboard in Resources */,
				1DAECAD21E8DD2CF00183CCB /* Assets.xcassets in Resources */,
				1DAECAD01E8DD2CF00183CCB /* Main.storyboard in Resources */,
			);
			runOnlyForDeploymentPostprocessing = 0;
		};
		1DAECADE1E8DD32E00183CCB /* Resources */ = {
			isa = PBXResourcesBuildPhase;
			buildActionMask = 2147483647;
			files = (
				1DAECAEF1E8DE5C100183CCB /* car.png in Resources */,
				1DAECAF11E8DE5C100183CCB /* car@3x.png in Resources */,
				1DAECAF01E8DE5C100183CCB /* car@2x.png in Resources */,
			);
			runOnlyForDeploymentPostprocessing = 0;
		};
/* End PBXResourcesBuildPhase section */

/* Begin PBXSourcesBuildPhase section */
		1DAECAC31E8DD2CF00183CCB /* Sources */ = {
			isa = PBXSourcesBuildPhase;
			buildActionMask = 2147483647;
			files = (
				1DAECACD1E8DD2CF00183CCB /* ViewController.swift in Sources */,
				1DAECACB1E8DD2CF00183CCB /* AppDelegate.swift in Sources */,
			);
			runOnlyForDeploymentPostprocessing = 0;
		};
		1DAECADC1E8DD32E00183CCB /* Sources */ = {
			isa = PBXSourcesBuildPhase;
			buildActionMask = 2147483647;
			files = (
				1DAECAE31E8DD32E00183CCB /* IntentHandler.swift in Sources */,
			);
			runOnlyForDeploymentPostprocessing = 0;
		};
/* End PBXSourcesBuildPhase section */

/* Begin PBXTargetDependency section */
		1DAECAE61E8DD32E00183CCB /* PBXTargetDependency */ = {
			isa = PBXTargetDependency;
			target = 1DAECADF1E8DD32E00183CCB /* Extension */;
			targetProxy = 1DAECAE51E8DD32E00183CCB /* PBXContainerItemProxy */;
		};
/* End PBXTargetDependency section */

/* Begin PBXVariantGroup section */
		1DAECACE1E8DD2CF00183CCB /* Main.storyboard */ = {
			isa = PBXVariantGroup;
			children = (
				1DAECACF1E8DD2CF00183CCB /* Base */,
			);
			name = Main.storyboard;
			sourceTree = "<group>";
		};
		1DAECAD31E8DD2CF00183CCB /* LaunchScreen.storyboard */ = {
			isa = PBXVariantGroup;
			children = (
				1DAECAD41E8DD2CF00183CCB /* Base */,
			);
			name = LaunchScreen.storyboard;
			sourceTree = "<group>";
		};
/* End PBXVariantGroup section */

/* Begin XCBuildConfiguration section */
		1DAECAD71E8DD2CF00183CCB /* Debug */ = {
			isa = XCBuildConfiguration;
			buildSettings = {
				ALWAYS_SEARCH_USER_PATHS = NO;
				CLANG_ANALYZER_NONNULL = YES;
				CLANG_ANALYZER_NUMBER_OBJECT_CONVERSION = YES_AGGRESSIVE;
				CLANG_CXX_LANGUAGE_STANDARD = "gnu++0x";
				CLANG_CXX_LIBRARY = "libc++";
				CLANG_ENABLE_MODULES = YES;
				CLANG_ENABLE_OBJC_ARC = YES;
				CLANG_WARN_BOOL_CONVERSION = YES;
				CLANG_WARN_CONSTANT_CONVERSION = YES;
				CLANG_WARN_DIRECT_OBJC_ISA_USAGE = YES_ERROR;
				CLANG_WARN_DOCUMENTATION_COMMENTS = YES;
				CLANG_WARN_EMPTY_BODY = YES;
				CLANG_WARN_ENUM_CONVERSION = YES;
				CLANG_WARN_INFINITE_RECURSION = YES;
				CLANG_WARN_INT_CONVERSION = YES;
				CLANG_WARN_OBJC_ROOT_CLASS = YES_ERROR;
				CLANG_WARN_SUSPICIOUS_MOVE = YES;
				CLANG_WARN_UNREACHABLE_CODE = YES;
				CLANG_WARN__DUPLICATE_METHOD_MATCH = YES;
				"CODE_SIGN_IDENTITY[sdk=iphoneos*]" = "iPhone Developer";
				COPY_PHASE_STRIP = NO;
				DEBUG_INFORMATION_FORMAT = dwarf;
				ENABLE_STRICT_OBJC_MSGSEND = YES;
				ENABLE_TESTABILITY = YES;
				GCC_C_LANGUAGE_STANDARD = gnu99;
				GCC_DYNAMIC_NO_PIC = NO;
				GCC_NO_COMMON_BLOCKS = YES;
				GCC_OPTIMIZATION_LEVEL = 0;
				GCC_PREPROCESSOR_DEFINITIONS = (
					"DEBUG=1",
					"$(inherited)",
				);
				GCC_WARN_64_TO_32_BIT_CONVERSION = YES;
				GCC_WARN_ABOUT_RETURN_TYPE = YES_ERROR;
				GCC_WARN_UNDECLARED_SELECTOR = YES;
				GCC_WARN_UNINITIALIZED_AUTOS = YES_AGGRESSIVE;
				GCC_WARN_UNUSED_FUNCTION = YES;
				GCC_WARN_UNUSED_VARIABLE = YES;
				IPHONEOS_DEPLOYMENT_TARGET = 10.3;
				MTL_ENABLE_DEBUG_INFO = YES;
				ONLY_ACTIVE_ARCH = YES;
				SDKROOT = iphoneos;
				SWIFT_ACTIVE_COMPILATION_CONDITIONS = DEBUG;
				SWIFT_OPTIMIZATION_LEVEL = "-Onone";
			};
			name = Debug;
		};
		1DAECAD81E8DD2CF00183CCB /* Release */ = {
			isa = XCBuildConfiguration;
			buildSettings = {
				ALWAYS_SEARCH_USER_PATHS = NO;
				CLANG_ANALYZER_NONNULL = YES;
				CLANG_ANALYZER_NUMBER_OBJECT_CONVERSION = YES_AGGRESSIVE;
				CLANG_CXX_LANGUAGE_STANDARD = "gnu++0x";
				CLANG_CXX_LIBRARY = "libc++";
				CLANG_ENABLE_MODULES = YES;
				CLANG_ENABLE_OBJC_ARC = YES;
				CLANG_WARN_BOOL_CONVERSION = YES;
				CLANG_WARN_CONSTANT_CONVERSION = YES;
				CLANG_WARN_DIRECT_OBJC_ISA_USAGE = YES_ERROR;
				CLANG_WARN_DOCUMENTATION_COMMENTS = YES;
				CLANG_WARN_EMPTY_BODY = YES;
				CLANG_WARN_ENUM_CONVERSION = YES;
				CLANG_WARN_INFINITE_RECURSION = YES;
				CLANG_WARN_INT_CONVERSION = YES;
				CLANG_WARN_OBJC_ROOT_CLASS = YES_ERROR;
				CLANG_WARN_SUSPICIOUS_MOVE = YES;
				CLANG_WARN_UNREACHABLE_CODE = YES;
				CLANG_WARN__DUPLICATE_METHOD_MATCH = YES;
				"CODE_SIGN_IDENTITY[sdk=iphoneos*]" = "iPhone Developer";
				COPY_PHASE_STRIP = NO;
				DEBUG_INFORMATION_FORMAT = "dwarf-with-dsym";
				ENABLE_NS_ASSERTIONS = NO;
				ENABLE_STRICT_OBJC_MSGSEND = YES;
				GCC_C_LANGUAGE_STANDARD = gnu99;
				GCC_NO_COMMON_BLOCKS = YES;
				GCC_WARN_64_TO_32_BIT_CONVERSION = YES;
				GCC_WARN_ABOUT_RETURN_TYPE = YES_ERROR;
				GCC_WARN_UNDECLARED_SELECTOR = YES;
				GCC_WARN_UNINITIALIZED_AUTOS = YES_AGGRESSIVE;
				GCC_WARN_UNUSED_FUNCTION = YES;
				GCC_WARN_UNUSED_VARIABLE = YES;
				IPHONEOS_DEPLOYMENT_TARGET = 10.3;
				MTL_ENABLE_DEBUG_INFO = NO;
				SDKROOT = iphoneos;
				SWIFT_OPTIMIZATION_LEVEL = "-Owholemodule";
				VALIDATE_PRODUCT = YES;
			};
			name = Release;
		};
		1DAECADA1E8DD2CF00183CCB /* Debug */ = {
			isa = XCBuildConfiguration;
			buildSettings = {
				ALWAYS_EMBED_SWIFT_STANDARD_LIBRARIES = YES;
				ASSETCATALOG_COMPILER_APPICON_NAME = AppIcon;
				INFOPLIST_FILE = RideShare/Info.plist;
				LD_RUNPATH_SEARCH_PATHS = "$(inherited) @executable_path/Frameworks";
				PRODUCT_BUNDLE_IDENTIFIER = HumblyHuman.RideShare;
				PRODUCT_NAME = "$(TARGET_NAME)";
				SWIFT_VERSION = 3.0;
			};
			name = Debug;
		};
		1DAECADB1E8DD2CF00183CCB /* Release */ = {
			isa = XCBuildConfiguration;
			buildSettings = {
				ALWAYS_EMBED_SWIFT_STANDARD_LIBRARIES = YES;
				ASSETCATALOG_COMPILER_APPICON_NAME = AppIcon;
				INFOPLIST_FILE = RideShare/Info.plist;
				LD_RUNPATH_SEARCH_PATHS = "$(inherited) @executable_path/Frameworks";
				PRODUCT_BUNDLE_IDENTIFIER = HumblyHuman.RideShare;
				PRODUCT_NAME = "$(TARGET_NAME)";
				SWIFT_VERSION = 3.0;
			};
			name = Release;
		};
		1DAECAE91E8DD32E00183CCB /* Debug */ = {
			isa = XCBuildConfiguration;
			buildSettings = {
				DEVELOPMENT_TEAM = K7PJHE383W;
				INFOPLIST_FILE = Extension/Info.plist;
				LD_RUNPATH_SEARCH_PATHS = "$(inherited) @executable_path/Frameworks @executable_path/../../Frameworks";
				PRODUCT_BUNDLE_IDENTIFIER = HumblyHuman.RideShare.Extension;
				PRODUCT_NAME = "$(TARGET_NAME)";
				SKIP_INSTALL = YES;
				SWIFT_VERSION = 3.0;
			};
			name = Debug;
		};
		1DAECAEA1E8DD32E00183CCB /* Release */ = {
			isa = XCBuildConfiguration;
			buildSettings = {
				DEVELOPMENT_TEAM = K7PJHE383W;
				INFOPLIST_FILE = Extension/Info.plist;
				LD_RUNPATH_SEARCH_PATHS = "$(inherited) @executable_path/Frameworks @executable_path/../../Frameworks";
				PRODUCT_BUNDLE_IDENTIFIER = HumblyHuman.RideShare.Extension;
				PRODUCT_NAME = "$(TARGET_NAME)";
				SKIP_INSTALL = YES;
				SWIFT_VERSION = 3.0;
			};
			name = Release;
		};
/* End XCBuildConfiguration section */

/* Begin XCConfigurationList section */
		1DAECAC21E8DD2CF00183CCB /* Build configuration list for PBXProject "RideShare" */ = {
			isa = XCConfigurationList;
			buildConfigurations = (
				1DAECAD71E8DD2CF00183CCB /* Debug */,
				1DAECAD81E8DD2CF00183CCB /* Release */,
			);
			defaultConfigurationIsVisible = 0;
			defaultConfigurationName = Release;
		};
		1DAECAD91E8DD2CF00183CCB /* Build configuration list for PBXNativeTarget "RideShare" */ = {
			isa = XCConfigurationList;
			buildConfigurations = (
				1DAECADA1E8DD2CF00183CCB /* Debug */,
				1DAECADB1E8DD2CF00183CCB /* Release */,
			);
			defaultConfigurationIsVisible = 0;
		};
		1DAECAE81E8DD32E00183CCB /* Build configuration list for PBXNativeTarget "Extension" */ = {
			isa = XCConfigurationList;
			buildConfigurations = (
				1DAECAE91E8DD32E00183CCB /* Debug */,
				1DAECAEA1E8DD32E00183CCB /* Release */,
			);
			defaultConfigurationIsVisible = 0;
		};
/* End XCConfigurationList section */
	};
	rootObject = 1DAECABF1E8DD2CF00183CCB /* Project object */;
}
